
Microsoft Visual Studio Solution File, Format Version 12.00
# Visual Studio Version 17
VisualStudioVersion = 17.6.33815.320
MinimumVisualStudioVersion = 10.0.40219.1
Project("{9A19103F-16F7-4668-BE54-9A1E7A4F7556}") = "bam.base", "submodules\bam.base\bam.base\bam.base.csproj", "{97AB9BA6-A2AC-46DE-9B54-7EE2E92BB7F7}"
EndProject
Project("{9A19103F-16F7-4668-BE54-9A1E7A4F7556}") = "bam.base.services", "submodules\bam.base.services\bam.base.services\bam.base.services.csproj", "{268DA229-F651-4BBB-921E-3C653FED95CE}"
EndProject
Project("{9A19103F-16F7-4668-BE54-9A1E7A4F7556}") = "bam.caching", "submodules\bam.caching\bam.caching\bam.caching.csproj", "{D70192C1-8E56-4BA8-A29E-D1B6EAE2B21F}"
EndProject
Project("{9A19103F-16F7-4668-BE54-9A1E7A4F7556}") = "bam.commandline", "submodules\bam.commandline\bam.commandline\bam.commandline.csproj", "{5D5C574B-6B3F-4910-90D2-4DB64EAB4EBF}"
EndProject
Project("{9A19103F-16F7-4668-BE54-9A1E7A4F7556}") = "bam.configuration", "submodules\bam.configuration\bam.configuration\bam.configuration.csproj", "{9937BA39-FD35-4FEE-9B10-9AF4AF774B40}"
EndProject
Project("{9A19103F-16F7-4668-BE54-9A1E7A4F7556}") = "bam.data", "submodules\bam.data\bam.data\bam.data.csproj", "{F32275F7-9B25-419F-B94C-08146A347713}"
EndProject
Project("{9A19103F-16F7-4668-BE54-9A1E7A4F7556}") = "bam.data.backup", "submodules\bam.data.backup\bam.data.backup\bam.data.backup.csproj", "{D85EEA7C-4EF7-4A05-B72D-EF2E26002F4C}"
EndProject
Project("{9A19103F-16F7-4668-BE54-9A1E7A4F7556}") = "bam.data.repositories", "submodules\bam.data.repositories\bam.data.repositories\bam.data.repositories.csproj", "{AAFFF284-0FF4-4BE7-804C-AD511D6E592D}"
EndProject
Project("{9A19103F-16F7-4668-BE54-9A1E7A4F7556}") = "bam.data.schema", "submodules\bam.data.schema\bam.data.schema\bam.data.schema.csproj", "{89E9C960-9DAB-4FC6-AB20-D33A8692A212}"
EndProject
Project("{9A19103F-16F7-4668-BE54-9A1E7A4F7556}") = "bam.javascript", "submodules\bam.javascript\bam.javascript\bam.javascript.csproj", "{73321D0B-C2F7-4B25-A829-D7B375256ECC}"
EndProject
Project("{9A19103F-16F7-4668-BE54-9A1E7A4F7556}") = "bam.logging", "submodules\bam.logging\bam.logging\bam.logging.csproj", "{1DA37C4A-D7CE-4B76-8006-64B94EC14B04}"
EndProject
Project("{9A19103F-16F7-4668-BE54-9A1E7A4F7556}") = "bam.logging.counters", "submodules\bam.logging.counters\bam.logging.counters\bam.logging.counters.csproj", "{74A70F8F-EF47-4057-B378-8DCF606B73EA}"
EndProject
Project("{9A19103F-16F7-4668-BE54-9A1E7A4F7556}") = "bam.testing", "submodules\bam.testing\bam.testing\bam.testing.csproj", "{1AC7C80C-0876-438E-BBA4-CF613D5722C6}"
EndProject
Global
	GlobalSection(SolutionConfigurationPlatforms) = preSolution
		Debug|Any CPU = Debug|Any CPU
		Release|Any CPU = Release|Any CPU
	EndGlobalSection
	GlobalSection(ProjectConfigurationPlatforms) = postSolution
		{97AB9BA6-A2AC-46DE-9B54-7EE2E92BB7F7}.Debug|Any CPU.ActiveCfg = Debug|Any CPU
		{97AB9BA6-A2AC-46DE-9B54-7EE2E92BB7F7}.Debug|Any CPU.Build.0 = Debug|Any CPU
		{97AB9BA6-A2AC-46DE-9B54-7EE2E92BB7F7}.Release|Any CPU.ActiveCfg = Release|Any CPU
		{97AB9BA6-A2AC-46DE-9B54-7EE2E92BB7F7}.Release|Any CPU.Build.0 = Release|Any CPU
		{268DA229-F651-4BBB-921E-3C653FED95CE}.Debug|Any CPU.ActiveCfg = Debug|Any CPU
		{268DA229-F651-4BBB-921E-3C653FED95CE}.Debug|Any CPU.Build.0 = Debug|Any CPU
		{268DA229-F651-4BBB-921E-3C653FED95CE}.Release|Any CPU.ActiveCfg = Release|Any CPU
		{268DA229-F651-4BBB-921E-3C653FED95CE}.Release|Any CPU.Build.0 = Release|Any CPU
		{D70192C1-8E56-4BA8-A29E-D1B6EAE2B21F}.Debug|Any CPU.ActiveCfg = Debug|Any CPU
		{D70192C1-8E56-4BA8-A29E-D1B6EAE2B21F}.Debug|Any CPU.Build.0 = Debug|Any CPU
		{D70192C1-8E56-4BA8-A29E-D1B6EAE2B21F}.Release|Any CPU.ActiveCfg = Release|Any CPU
		{D70192C1-8E56-4BA8-A29E-D1B6EAE2B21F}.Release|Any CPU.Build.0 = Release|Any CPU
		{5D5C574B-6B3F-4910-90D2-4DB64EAB4EBF}.Debug|Any CPU.ActiveCfg = Debug|Any CPU
		{5D5C574B-6B3F-4910-90D2-4DB64EAB4EBF}.Debug|Any CPU.Build.0 = Debug|Any CPU
		{5D5C574B-6B3F-4910-90D2-4DB64EAB4EBF}.Release|Any CPU.ActiveCfg = Release|Any CPU
		{5D5C574B-6B3F-4910-90D2-4DB64EAB4EBF}.Release|Any CPU.Build.0 = Release|Any CPU
		{9937BA39-FD35-4FEE-9B10-9AF4AF774B40}.Debug|Any CPU.ActiveCfg = Debug|Any CPU
		{9937BA39-FD35-4FEE-9B10-9AF4AF774B40}.Debug|Any CPU.Build.0 = Debug|Any CPU
		{9937BA39-FD35-4FEE-9B10-9AF4AF774B40}.Release|Any CPU.ActiveCfg = Release|Any CPU
		{9937BA39-FD35-4FEE-9B10-9AF4AF774B40}.Release|Any CPU.Build.0 = Release|Any CPU
		{F32275F7-9B25-419F-B94C-08146A347713}.Debug|Any CPU.ActiveCfg = Debug|Any CPU
		{F32275F7-9B25-419F-B94C-08146A347713}.Debug|Any CPU.Build.0 = Debug|Any CPU
		{F32275F7-9B25-419F-B94C-08146A347713}.Release|Any CPU.ActiveCfg = Release|Any CPU
		{F32275F7-9B25-419F-B94C-08146A347713}.Release|Any CPU.Build.0 = Release|Any CPU
		{D85EEA7C-4EF7-4A05-B72D-EF2E26002F4C}.Debug|Any CPU.ActiveCfg = Debug|Any CPU
		{D85EEA7C-4EF7-4A05-B72D-EF2E26002F4C}.Debug|Any CPU.Build.0 = Debug|Any CPU
		{D85EEA7C-4EF7-4A05-B72D-EF2E26002F4C}.Release|Any CPU.ActiveCfg = Release|Any CPU
		{D85EEA7C-4EF7-4A05-B72D-EF2E26002F4C}.Release|Any CPU.Build.0 = Release|Any CPU
		{AAFFF284-0FF4-4BE7-804C-AD511D6E592D}.Debug|Any CPU.ActiveCfg = Debug|Any CPU
		{AAFFF284-0FF4-4BE7-804C-AD511D6E592D}.Debug|Any CPU.Build.0 = Debug|Any CPU
		{AAFFF284-0FF4-4BE7-804C-AD511D6E592D}.Release|Any CPU.ActiveCfg = Release|Any CPU
		{AAFFF284-0FF4-4BE7-804C-AD511D6E592D}.Release|Any CPU.Build.0 = Release|Any CPU
		{89E9C960-9DAB-4FC6-AB20-D33A8692A212}.Debug|Any CPU.ActiveCfg = Debug|Any CPU
		{89E9C960-9DAB-4FC6-AB20-D33A8692A212}.Debug|Any CPU.Build.0 = Debug|Any CPU
		{89E9C960-9DAB-4FC6-AB20-D33A8692A212}.Release|Any CPU.ActiveCfg = Release|Any CPU
		{89E9C960-9DAB-4FC6-AB20-D33A8692A212}.Release|Any CPU.Build.0 = Release|Any CPU
		{73321D0B-C2F7-4B25-A829-D7B375256ECC}.Debug|Any CPU.ActiveCfg = Debug|Any CPU
		{73321D0B-C2F7-4B25-A829-D7B375256ECC}.Debug|Any CPU.Build.0 = Debug|Any CPU
		{73321D0B-C2F7-4B25-A829-D7B375256ECC}.Release|Any CPU.ActiveCfg = Release|Any CPU
		{73321D0B-C2F7-4B25-A829-D7B375256ECC}.Release|Any CPU.Build.0 = Release|Any CPU
		{1DA37C4A-D7CE-4B76-8006-64B94EC14B04}.Debug|Any CPU.ActiveCfg = Debug|Any CPU
		{1DA37C4A-D7CE-4B76-8006-64B94EC14B04}.Debug|Any CPU.Build.0 = Debug|Any CPU
		{1DA37C4A-D7CE-4B76-8006-64B94EC14B04}.Release|Any CPU.ActiveCfg = Release|Any CPU
		{1DA37C4A-D7CE-4B76-8006-64B94EC14B04}.Release|Any CPU.Build.0 = Release|Any CPU
		{74A70F8F-EF47-4057-B378-8DCF606B73EA}.Debug|Any CPU.ActiveCfg = Debug|Any CPU
		{74A70F8F-EF47-4057-B378-8DCF606B73EA}.Debug|Any CPU.Build.0 = Debug|Any CPU
		{74A70F8F-EF47-4057-B378-8DCF606B73EA}.Release|Any CPU.ActiveCfg = Release|Any CPU
		{74A70F8F-EF47-4057-B378-8DCF606B73EA}.Release|Any CPU.Build.0 = Release|Any CPU
		{1AC7C80C-0876-438E-BBA4-CF613D5722C6}.Debug|Any CPU.ActiveCfg = Debug|Any CPU
		{1AC7C80C-0876-438E-BBA4-CF613D5722C6}.Debug|Any CPU.Build.0 = Debug|Any CPU
		{1AC7C80C-0876-438E-BBA4-CF613D5722C6}.Release|Any CPU.ActiveCfg = Release|Any CPU
		{1AC7C80C-0876-438E-BBA4-CF613D5722C6}.Release|Any CPU.Build.0 = Release|Any CPU
	EndGlobalSection
	GlobalSection(SolutionProperties) = preSolution
		HideSolutionNode = FALSE
	EndGlobalSection
	GlobalSection(ExtensibilityGlobals) = postSolution
		SolutionGuid = {955CA490-2695-4A55-BAB7-7695DB85851E}
	EndGlobalSection
EndGlobal
