
Microsoft Visual Studio Solution File, Format Version 12.00
# Visual Studio Version 17
VisualStudioVersion = 17.4.33110.190
MinimumVisualStudioVersion = 10.0.40219.1
Project("{9A19103F-16F7-4668-BE54-9A1E7A4F7556}") = "bam.coreservices", "..\bam.coreservices\bam.coreservices\bam.coreservices\bam.coreservices\bam.coreservices.csproj", "{3A8B5E80-A900-419F-B581-470C8EFE59B5}"
EndProject
Project("{2150E333-8FDC-42A3-9474-1A3956D46DE8}") = "submodules", "submodules", "{CCF3B4BE-3D7C-4C00-AB5F-ED13DC14C27E}"
EndProject
Project("{9A19103F-16F7-4668-BE54-9A1E7A4F7556}") = "bam.core", "..\bam.coreservices\submodules\bam.core\bam.core\bam.core.csproj", "{C2F41C85-14CC-4748-91AA-1474C1B8FDF9}"
EndProject
Project("{2150E333-8FDC-42A3-9474-1A3956D46DE8}") = "_core", "_core", "{A85CDBA8-AD98-4976-81FB-EF03B9DC6A89}"
EndProject
Project("{D954291E-2A0B-460D-934E-DC6B0785DB48}") = "bam.net.shared", "..\bam.coreservices\submodules\bam.core\submodules\bam.net.shared\bam.net.shared.shproj", "{22DA9F9E-A84F-47EE-A870-3CC845812606}"
EndProject
Project("{2150E333-8FDC-42A3-9474-1A3956D46DE8}") = "tests", "tests", "{D57ECEDF-6EB7-46F8-BFF5-E4448076C979}"
EndProject
Project("{2150E333-8FDC-42A3-9474-1A3956D46DE8}") = "bam.test", "bam.test", "{095AF10D-5B7B-462F-BA8E-426C92F6F22C}"
EndProject
Project("{9A19103F-16F7-4668-BE54-9A1E7A4F7556}") = "bam.test", "..\bam.coreservices\submodules\bam.test\bam.test\bam.test.csproj", "{24E8C525-AD1E-4B2C-8FF5-6B17015ADD75}"
EndProject
Project("{2150E333-8FDC-42A3-9474-1A3956D46DE8}") = "submodules", "submodules", "{529CBB12-A1FE-48A0-B99F-4A99BBBA4517}"
EndProject
Project("{9A19103F-16F7-4668-BE54-9A1E7A4F7556}") = "bam.core", "..\bam.coreservices\submodules\bam.test\submodules\bam.core\bam.core\bam.core.csproj", "{F07C7068-D530-4C1E-8B3A-01B4773F1229}"
EndProject
Project("{D954291E-2A0B-460D-934E-DC6B0785DB48}") = "bam.net.shared", "..\bam.coreservices\submodules\bam.test\submodules\bam.core\submodules\bam.net.shared\bam.net.shared.shproj", "{B3AF1AF5-7D88-48B7-85B2-4956BE53DC47}"
EndProject
Project("{9A19103F-16F7-4668-BE54-9A1E7A4F7556}") = "bam.net.core.tests", "..\bam.coreservices\tests\bam.net.core.tests\bam.net.core.tests.csproj", "{68747447-A5D1-437A-BC77-CE4D6530624F}"
EndProject
Project("{9A19103F-16F7-4668-BE54-9A1E7A4F7556}") = "bam.net.coreservices.core.tests", "..\bam.coreservices\tests\bam.net.coreservices.core.tests\bam.net.coreservices.core.tests.csproj", "{8E31B346-24F0-4059-A4AF-FF781E1A11D4}"
EndProject
Project("{9A19103F-16F7-4668-BE54-9A1E7A4F7556}") = "bam.net.serviceproxy.core.tests", "..\bam.coreservices\tests\bam.net.serviceproxy.core.tests\bam.net.serviceproxy.core.tests.csproj", "{A74B5954-ED7F-4F97-9766-03587EFC933A}"
EndProject
Project("{9A19103F-16F7-4668-BE54-9A1E7A4F7556}") = "daoref", "..\bam.coreservices\submodules\bam.core\tests\daoref\daoref.csproj", "{C8025D6D-650D-4005-90DF-6ECB50F9685B}"
EndProject
Project("{D954291E-2A0B-460D-934E-DC6B0785DB48}") = "bam.net.tests.shared", "..\bam.coreservices\submodules\bam.core\tests\shared\bam.net.tests.shared\bam.net.tests.shared.shproj", "{BB169710-5CE7-4957-A2C7-1F570E2CD9C8}"
EndProject
Project("{9A19103F-16F7-4668-BE54-9A1E7A4F7556}") = "bam.automation", "..\bam.automation\bam.automation\bam.automation\bam.automation.csproj", "{BB6BDE26-11B2-49EF-B232-4652C4606AD0}"
EndProject
Project("{9A19103F-16F7-4668-BE54-9A1E7A4F7556}") = "bam.presentation", "..\bam.presentation\bam.presentation\bam.presentation\bam.presentation.csproj", "{74BB8AFE-55B5-45AE-BD6F-C508C108EADC}"
EndProject
Project("{9A19103F-16F7-4668-BE54-9A1E7A4F7556}") = "bam.application", "..\bam.application\bam.application\bam.application\bam.application.csproj", "{294BC6DE-05B3-47CB-85B7-6CFA258E2A75}"
EndProject
Project("{9A19103F-16F7-4668-BE54-9A1E7A4F7556}") = "bam.messaging", "..\bam.messaging\bam.messaging\bam.messaging\bam.messaging.csproj", "{AF2B6D6E-E373-4516-8C1E-6F0C039B0AE6}"
EndProject
Project("{9A19103F-16F7-4668-BE54-9A1E7A4F7556}") = "bam.server", "..\bam.server\bam.server\bam.server\bam.server.csproj", "{FE096100-8B76-418E-9CC8-0D8EEB6CB502}"
EndProject
Project("{9A19103F-16F7-4668-BE54-9A1E7A4F7556}") = "bam.generated", "..\bam.generated\bam.generated\bam.generated\bam.generated.csproj", "{76CA90A4-1D66-46FA-A72E-015ED72E36BF}"
EndProject
Project("{9A19103F-16F7-4668-BE54-9A1E7A4F7556}") = "bam.services", "..\bam.services\bam.services\bam.services\bam.services.csproj", "{DF545739-6AD5-4424-8516-7DA708E9B2D8}"
EndProject
Project("{9A19103F-16F7-4668-BE54-9A1E7A4F7556}") = "bam.serviceproxy", "..\bam.serviceproxy\bam.serviceproxy\bam.serviceproxy\bam.serviceproxy.csproj", "{BF58E376-B356-457C-94F9-7D525ED6E2F5}"
EndProject
Project("{9A19103F-16F7-4668-BE54-9A1E7A4F7556}") = "bam.analytics", "..\bam.analytics\bam.analytics\bam.analytics\bam.analytics.csproj", "{A50FFFA5-E889-46D4-AB05-1BBC20EA6606}"
EndProject
Project("{9A19103F-16F7-4668-BE54-9A1E7A4F7556}") = "bam.useraccounts", "..\bam.useraccounts\bam.useraccounts\bam.useraccounts\bam.useraccounts.csproj", "{AC35667B-9D57-4EDC-AFBB-4F290D7B5E12}"
EndProject
Project("{9A19103F-16F7-4668-BE54-9A1E7A4F7556}") = "bam.encryption", "..\bam.encryption\bam.encryption\bam.encryption\bam.encryption.csproj", "{C90570C8-1BCD-4FE2-9E3F-641C82F4A39E}"
EndProject
Project("{9A19103F-16F7-4668-BE54-9A1E7A4F7556}") = "bam.translation", "..\bam.translation\bam.translation\bam.translation\bam.translation.csproj", "{CDE45088-711E-472F-A173-7FFA18583579}"
EndProject
Project("{9A19103F-16F7-4668-BE54-9A1E7A4F7556}") = "bam.yaml", "..\bam.yaml\bam.yaml\bam.yaml\bam.yaml.csproj", "{6801A68A-3F3C-4687-969E-AA560D94C5CC}"
EndProject
Project("{9A19103F-16F7-4668-BE54-9A1E7A4F7556}") = "bam.generators", "..\bam.generators\bam.generators\bam.generators\bam.generators.csproj", "{4D6B4B2C-FD3D-4C73-BA3D-2A9F25C5F6E3}"
EndProject
Project("{9A19103F-16F7-4668-BE54-9A1E7A4F7556}") = "bam.shell", "..\bam.shell\bam.shell\bam.shell\bam.shell.csproj", "{0081FB51-C33E-4BFF-BB04-7A653683D94F}"
EndProject
Project("{9A19103F-16F7-4668-BE54-9A1E7A4F7556}") = "bam.platform", "..\bam.platform\bam.platform\bam.platform\bam.platform.csproj", "{939C1225-16BC-427B-97B3-F58300BB833D}"
EndProject
Project("{9A19103F-16F7-4668-BE54-9A1E7A4F7556}") = "bam.logging.loggers", "..\bam.logging.loggers\bam.logging.loggers\bam.logging.loggers.csproj", "{4744E82B-A3BC-492D-91F7-35D1CB8A13AD}"
EndProject
Project("{9A19103F-16F7-4668-BE54-9A1E7A4F7556}") = "bam.data.presenation", "..\bam.data.presentation\bam.data.presenation\bam.data.presenation.csproj", "{72A08A19-4884-4226-8210-B3BC0EC8F537}"
EndProject
Project("{9A19103F-16F7-4668-BE54-9A1E7A4F7556}") = "bam.documentation", "..\bam.documentation\bam.documentation\bam.documentation.csproj", "{9745578A-0356-40D6-ACC6-D5B689E370D2}"
EndProject
Project("{9A19103F-16F7-4668-BE54-9A1E7A4F7556}") = "bam.breve", "..\bam.breve\bam.breve\bam.breve.csproj", "{FC1D4DB1-3B59-4805-A865-9BC8CA6E31FE}"
EndProject
Project("{9A19103F-16F7-4668-BE54-9A1E7A4F7556}") = "bam.server.presentation", "..\bam.server.presentation\bam.server.presentation\bam.server.presentation.csproj", "{0001113E-26AF-4335-93BA-EB47921F3CB3}"
EndProject
Project("{9A19103F-16F7-4668-BE54-9A1E7A4F7556}") = "bam.logging.http", "..\bam.logging.http\bam.logging.http\bam.logging.http.csproj", "{7C898D9D-0EE8-4E55-84AE-34C15FD873F0}"
EndProject
Project("{9A19103F-16F7-4668-BE54-9A1E7A4F7556}") = "bam.client", "..\bam.client\bam.client\bam.client.csproj", "{38221852-F0AE-4642-AD8A-9F1F1101E573}"
EndProject
Project("{2150E333-8FDC-42A3-9474-1A3956D46DE8}") = "_compiles", "_compiles", "{BEA6A911-C668-40B4-BF91-8942A1E3FF26}"
EndProject
Project("{9A19103F-16F7-4668-BE54-9A1E7A4F7556}") = "bam.base", "submodules\bam.base\bam.base\bam.base.csproj", "{25A8D32F-0E30-49F7-8ECD-80D7351E6C02}"
EndProject
Project("{9A19103F-16F7-4668-BE54-9A1E7A4F7556}") = "bam.base.services", "submodules\bam.base.services\bam.base.services\bam.base.services.csproj", "{E758D285-30F2-4E31-AA04-13B119527AA2}"
EndProject
Project("{9A19103F-16F7-4668-BE54-9A1E7A4F7556}") = "bam.configuration", "submodules\bam.configuration\bam.configuration\bam.configuration.csproj", "{6786701C-C00E-4170-96DE-5742D2977563}"
EndProject
Project("{9A19103F-16F7-4668-BE54-9A1E7A4F7556}") = "bam.data", "submodules\bam.data\bam.data\bam.data.csproj", "{8F18067A-F9F3-422E-B246-0F7D52268809}"
EndProject
Project("{9A19103F-16F7-4668-BE54-9A1E7A4F7556}") = "bam.javascript", "submodules\bam.javascript\bam.javascript\bam.javascript.csproj", "{EFF08E57-CE85-405D-9A9D-68E0B7926AC4}"
EndProject
Project("{9A19103F-16F7-4668-BE54-9A1E7A4F7556}") = "bam.data.schema", "submodules\bam.data.schema\bam.data.schema\bam.data.schema.csproj", "{D577A852-42BD-4D5A-84B1-7662D9F0FB69}"
EndProject
Project("{9A19103F-16F7-4668-BE54-9A1E7A4F7556}") = "bam.data.repositories", "submodules\bam.data.repositories\bam.data.repositories\bam.data.repositories.csproj", "{46F53DD0-0349-42A8-A58E-FC16BD4F3356}"
EndProject
Project("{9A19103F-16F7-4668-BE54-9A1E7A4F7556}") = "bam.logging", "submodules\bam.logging\bam.logging\bam.logging.csproj", "{CE1725EA-475C-4336-8E3B-297B2E99549E}"
EndProject
Project("{9A19103F-16F7-4668-BE54-9A1E7A4F7556}") = "bam.caching", "submodules\bam.caching\bam.caching\bam.caching.csproj", "{7893CBBF-66C4-4C67-9C78-46A70F1AC489}"
EndProject
Project("{9A19103F-16F7-4668-BE54-9A1E7A4F7556}") = "bam.data.backup", "submodules\bam.data.backup\bam.data.backup\bam.data.backup.csproj", "{C83B3E76-14BC-4C6D-AC7E-733AC507665A}"
EndProject
Project("{9A19103F-16F7-4668-BE54-9A1E7A4F7556}") = "bam.logging.counters", "submodules\bam.logging.counters\bam.logging.counters\bam.logging.counters.csproj", "{24F68576-21CA-4966-9D74-967AEFD51B4B}"
EndProject
Project("{9A19103F-16F7-4668-BE54-9A1E7A4F7556}") = "bam.commandline", "submodules\bam.commandline\bam.commandline\bam.commandline.csproj", "{251DEB0B-A564-4102-8A9F-057FE7015946}"
EndProject
Project("{9A19103F-16F7-4668-BE54-9A1E7A4F7556}") = "bam.testing", "submodules\bam.testing\bam.testing\bam.testing.csproj", "{D28049D2-A972-4A5A-AD1A-971FA034CB09}"
EndProject
Global
	GlobalSection(SolutionConfigurationPlatforms) = preSolution
		Debug|Any CPU = Debug|Any CPU
		Release|Any CPU = Release|Any CPU
	EndGlobalSection
	GlobalSection(ProjectConfigurationPlatforms) = postSolution
		{3A8B5E80-A900-419F-B581-470C8EFE59B5}.Debug|Any CPU.ActiveCfg = Debug|Any CPU
		{3A8B5E80-A900-419F-B581-470C8EFE59B5}.Debug|Any CPU.Build.0 = Debug|Any CPU
		{3A8B5E80-A900-419F-B581-470C8EFE59B5}.Release|Any CPU.ActiveCfg = Release|Any CPU
		{3A8B5E80-A900-419F-B581-470C8EFE59B5}.Release|Any CPU.Build.0 = Release|Any CPU
		{C2F41C85-14CC-4748-91AA-1474C1B8FDF9}.Debug|Any CPU.ActiveCfg = Debug|Any CPU
		{C2F41C85-14CC-4748-91AA-1474C1B8FDF9}.Debug|Any CPU.Build.0 = Debug|Any CPU
		{C2F41C85-14CC-4748-91AA-1474C1B8FDF9}.Release|Any CPU.ActiveCfg = Release|Any CPU
		{C2F41C85-14CC-4748-91AA-1474C1B8FDF9}.Release|Any CPU.Build.0 = Release|Any CPU
		{24E8C525-AD1E-4B2C-8FF5-6B17015ADD75}.Debug|Any CPU.ActiveCfg = Debug|Any CPU
		{24E8C525-AD1E-4B2C-8FF5-6B17015ADD75}.Debug|Any CPU.Build.0 = Debug|Any CPU
		{24E8C525-AD1E-4B2C-8FF5-6B17015ADD75}.Release|Any CPU.ActiveCfg = Release|Any CPU
		{24E8C525-AD1E-4B2C-8FF5-6B17015ADD75}.Release|Any CPU.Build.0 = Release|Any CPU
		{F07C7068-D530-4C1E-8B3A-01B4773F1229}.Debug|Any CPU.ActiveCfg = Debug|Any CPU
		{F07C7068-D530-4C1E-8B3A-01B4773F1229}.Debug|Any CPU.Build.0 = Debug|Any CPU
		{F07C7068-D530-4C1E-8B3A-01B4773F1229}.Release|Any CPU.ActiveCfg = Release|Any CPU
		{F07C7068-D530-4C1E-8B3A-01B4773F1229}.Release|Any CPU.Build.0 = Release|Any CPU
		{68747447-A5D1-437A-BC77-CE4D6530624F}.Debug|Any CPU.ActiveCfg = Debug|Any CPU
		{68747447-A5D1-437A-BC77-CE4D6530624F}.Debug|Any CPU.Build.0 = Debug|Any CPU
		{68747447-A5D1-437A-BC77-CE4D6530624F}.Release|Any CPU.ActiveCfg = Release|Any CPU
		{68747447-A5D1-437A-BC77-CE4D6530624F}.Release|Any CPU.Build.0 = Release|Any CPU
		{8E31B346-24F0-4059-A4AF-FF781E1A11D4}.Debug|Any CPU.ActiveCfg = Debug|Any CPU
		{8E31B346-24F0-4059-A4AF-FF781E1A11D4}.Debug|Any CPU.Build.0 = Debug|Any CPU
		{8E31B346-24F0-4059-A4AF-FF781E1A11D4}.Release|Any CPU.ActiveCfg = Release|Any CPU
		{8E31B346-24F0-4059-A4AF-FF781E1A11D4}.Release|Any CPU.Build.0 = Release|Any CPU
		{A74B5954-ED7F-4F97-9766-03587EFC933A}.Debug|Any CPU.ActiveCfg = Debug|Any CPU
		{A74B5954-ED7F-4F97-9766-03587EFC933A}.Debug|Any CPU.Build.0 = Debug|Any CPU
		{A74B5954-ED7F-4F97-9766-03587EFC933A}.Release|Any CPU.ActiveCfg = Release|Any CPU
		{A74B5954-ED7F-4F97-9766-03587EFC933A}.Release|Any CPU.Build.0 = Release|Any CPU
		{C8025D6D-650D-4005-90DF-6ECB50F9685B}.Debug|Any CPU.ActiveCfg = Debug|Any CPU
		{C8025D6D-650D-4005-90DF-6ECB50F9685B}.Debug|Any CPU.Build.0 = Debug|Any CPU
		{C8025D6D-650D-4005-90DF-6ECB50F9685B}.Release|Any CPU.ActiveCfg = Release|Any CPU
		{C8025D6D-650D-4005-90DF-6ECB50F9685B}.Release|Any CPU.Build.0 = Release|Any CPU
		{BB6BDE26-11B2-49EF-B232-4652C4606AD0}.Debug|Any CPU.ActiveCfg = Debug|Any CPU
		{BB6BDE26-11B2-49EF-B232-4652C4606AD0}.Debug|Any CPU.Build.0 = Debug|Any CPU
		{BB6BDE26-11B2-49EF-B232-4652C4606AD0}.Release|Any CPU.ActiveCfg = Release|Any CPU
		{BB6BDE26-11B2-49EF-B232-4652C4606AD0}.Release|Any CPU.Build.0 = Release|Any CPU
		{74BB8AFE-55B5-45AE-BD6F-C508C108EADC}.Debug|Any CPU.ActiveCfg = Debug|Any CPU
		{74BB8AFE-55B5-45AE-BD6F-C508C108EADC}.Debug|Any CPU.Build.0 = Debug|Any CPU
		{74BB8AFE-55B5-45AE-BD6F-C508C108EADC}.Release|Any CPU.ActiveCfg = Release|Any CPU
		{74BB8AFE-55B5-45AE-BD6F-C508C108EADC}.Release|Any CPU.Build.0 = Release|Any CPU
		{294BC6DE-05B3-47CB-85B7-6CFA258E2A75}.Debug|Any CPU.ActiveCfg = Debug|Any CPU
		{294BC6DE-05B3-47CB-85B7-6CFA258E2A75}.Debug|Any CPU.Build.0 = Debug|Any CPU
		{294BC6DE-05B3-47CB-85B7-6CFA258E2A75}.Release|Any CPU.ActiveCfg = Release|Any CPU
		{294BC6DE-05B3-47CB-85B7-6CFA258E2A75}.Release|Any CPU.Build.0 = Release|Any CPU
		{AF2B6D6E-E373-4516-8C1E-6F0C039B0AE6}.Debug|Any CPU.ActiveCfg = Debug|Any CPU
		{AF2B6D6E-E373-4516-8C1E-6F0C039B0AE6}.Debug|Any CPU.Build.0 = Debug|Any CPU
		{AF2B6D6E-E373-4516-8C1E-6F0C039B0AE6}.Release|Any CPU.ActiveCfg = Release|Any CPU
		{AF2B6D6E-E373-4516-8C1E-6F0C039B0AE6}.Release|Any CPU.Build.0 = Release|Any CPU
		{FE096100-8B76-418E-9CC8-0D8EEB6CB502}.Debug|Any CPU.ActiveCfg = Debug|Any CPU
		{FE096100-8B76-418E-9CC8-0D8EEB6CB502}.Debug|Any CPU.Build.0 = Debug|Any CPU
		{FE096100-8B76-418E-9CC8-0D8EEB6CB502}.Release|Any CPU.ActiveCfg = Release|Any CPU
		{FE096100-8B76-418E-9CC8-0D8EEB6CB502}.Release|Any CPU.Build.0 = Release|Any CPU
		{76CA90A4-1D66-46FA-A72E-015ED72E36BF}.Debug|Any CPU.ActiveCfg = Debug|Any CPU
		{76CA90A4-1D66-46FA-A72E-015ED72E36BF}.Debug|Any CPU.Build.0 = Debug|Any CPU
		{76CA90A4-1D66-46FA-A72E-015ED72E36BF}.Release|Any CPU.ActiveCfg = Release|Any CPU
		{76CA90A4-1D66-46FA-A72E-015ED72E36BF}.Release|Any CPU.Build.0 = Release|Any CPU
		{DF545739-6AD5-4424-8516-7DA708E9B2D8}.Debug|Any CPU.ActiveCfg = Debug|Any CPU
		{DF545739-6AD5-4424-8516-7DA708E9B2D8}.Debug|Any CPU.Build.0 = Debug|Any CPU
		{DF545739-6AD5-4424-8516-7DA708E9B2D8}.Release|Any CPU.ActiveCfg = Release|Any CPU
		{DF545739-6AD5-4424-8516-7DA708E9B2D8}.Release|Any CPU.Build.0 = Release|Any CPU
		{BF58E376-B356-457C-94F9-7D525ED6E2F5}.Debug|Any CPU.ActiveCfg = Debug|Any CPU
		{BF58E376-B356-457C-94F9-7D525ED6E2F5}.Debug|Any CPU.Build.0 = Debug|Any CPU
		{BF58E376-B356-457C-94F9-7D525ED6E2F5}.Release|Any CPU.ActiveCfg = Release|Any CPU
		{BF58E376-B356-457C-94F9-7D525ED6E2F5}.Release|Any CPU.Build.0 = Release|Any CPU
		{A50FFFA5-E889-46D4-AB05-1BBC20EA6606}.Debug|Any CPU.ActiveCfg = Debug|Any CPU
		{A50FFFA5-E889-46D4-AB05-1BBC20EA6606}.Debug|Any CPU.Build.0 = Debug|Any CPU
		{A50FFFA5-E889-46D4-AB05-1BBC20EA6606}.Release|Any CPU.ActiveCfg = Release|Any CPU
		{A50FFFA5-E889-46D4-AB05-1BBC20EA6606}.Release|Any CPU.Build.0 = Release|Any CPU
		{AC35667B-9D57-4EDC-AFBB-4F290D7B5E12}.Debug|Any CPU.ActiveCfg = Debug|Any CPU
		{AC35667B-9D57-4EDC-AFBB-4F290D7B5E12}.Debug|Any CPU.Build.0 = Debug|Any CPU
		{AC35667B-9D57-4EDC-AFBB-4F290D7B5E12}.Release|Any CPU.ActiveCfg = Release|Any CPU
		{AC35667B-9D57-4EDC-AFBB-4F290D7B5E12}.Release|Any CPU.Build.0 = Release|Any CPU
		{C90570C8-1BCD-4FE2-9E3F-641C82F4A39E}.Debug|Any CPU.ActiveCfg = Debug|Any CPU
		{C90570C8-1BCD-4FE2-9E3F-641C82F4A39E}.Debug|Any CPU.Build.0 = Debug|Any CPU
		{C90570C8-1BCD-4FE2-9E3F-641C82F4A39E}.Release|Any CPU.ActiveCfg = Release|Any CPU
		{C90570C8-1BCD-4FE2-9E3F-641C82F4A39E}.Release|Any CPU.Build.0 = Release|Any CPU
		{CDE45088-711E-472F-A173-7FFA18583579}.Debug|Any CPU.ActiveCfg = Debug|Any CPU
		{CDE45088-711E-472F-A173-7FFA18583579}.Debug|Any CPU.Build.0 = Debug|Any CPU
		{CDE45088-711E-472F-A173-7FFA18583579}.Release|Any CPU.ActiveCfg = Release|Any CPU
		{CDE45088-711E-472F-A173-7FFA18583579}.Release|Any CPU.Build.0 = Release|Any CPU
		{6801A68A-3F3C-4687-969E-AA560D94C5CC}.Debug|Any CPU.ActiveCfg = Debug|Any CPU
		{6801A68A-3F3C-4687-969E-AA560D94C5CC}.Debug|Any CPU.Build.0 = Debug|Any CPU
		{6801A68A-3F3C-4687-969E-AA560D94C5CC}.Release|Any CPU.ActiveCfg = Release|Any CPU
		{6801A68A-3F3C-4687-969E-AA560D94C5CC}.Release|Any CPU.Build.0 = Release|Any CPU
		{4D6B4B2C-FD3D-4C73-BA3D-2A9F25C5F6E3}.Debug|Any CPU.ActiveCfg = Debug|Any CPU
		{4D6B4B2C-FD3D-4C73-BA3D-2A9F25C5F6E3}.Debug|Any CPU.Build.0 = Debug|Any CPU
		{4D6B4B2C-FD3D-4C73-BA3D-2A9F25C5F6E3}.Release|Any CPU.ActiveCfg = Release|Any CPU
		{4D6B4B2C-FD3D-4C73-BA3D-2A9F25C5F6E3}.Release|Any CPU.Build.0 = Release|Any CPU
		{0081FB51-C33E-4BFF-BB04-7A653683D94F}.Debug|Any CPU.ActiveCfg = Debug|Any CPU
		{0081FB51-C33E-4BFF-BB04-7A653683D94F}.Debug|Any CPU.Build.0 = Debug|Any CPU
		{0081FB51-C33E-4BFF-BB04-7A653683D94F}.Release|Any CPU.ActiveCfg = Release|Any CPU
		{0081FB51-C33E-4BFF-BB04-7A653683D94F}.Release|Any CPU.Build.0 = Release|Any CPU
		{939C1225-16BC-427B-97B3-F58300BB833D}.Debug|Any CPU.ActiveCfg = Debug|Any CPU
		{939C1225-16BC-427B-97B3-F58300BB833D}.Debug|Any CPU.Build.0 = Debug|Any CPU
		{939C1225-16BC-427B-97B3-F58300BB833D}.Release|Any CPU.ActiveCfg = Release|Any CPU
		{939C1225-16BC-427B-97B3-F58300BB833D}.Release|Any CPU.Build.0 = Release|Any CPU
		{4744E82B-A3BC-492D-91F7-35D1CB8A13AD}.Debug|Any CPU.ActiveCfg = Debug|Any CPU
		{4744E82B-A3BC-492D-91F7-35D1CB8A13AD}.Debug|Any CPU.Build.0 = Debug|Any CPU
		{4744E82B-A3BC-492D-91F7-35D1CB8A13AD}.Release|Any CPU.ActiveCfg = Release|Any CPU
		{4744E82B-A3BC-492D-91F7-35D1CB8A13AD}.Release|Any CPU.Build.0 = Release|Any CPU
		{72A08A19-4884-4226-8210-B3BC0EC8F537}.Debug|Any CPU.ActiveCfg = Debug|Any CPU
		{72A08A19-4884-4226-8210-B3BC0EC8F537}.Debug|Any CPU.Build.0 = Debug|Any CPU
		{72A08A19-4884-4226-8210-B3BC0EC8F537}.Release|Any CPU.ActiveCfg = Release|Any CPU
		{72A08A19-4884-4226-8210-B3BC0EC8F537}.Release|Any CPU.Build.0 = Release|Any CPU
		{9745578A-0356-40D6-ACC6-D5B689E370D2}.Debug|Any CPU.ActiveCfg = Debug|Any CPU
		{9745578A-0356-40D6-ACC6-D5B689E370D2}.Debug|Any CPU.Build.0 = Debug|Any CPU
		{9745578A-0356-40D6-ACC6-D5B689E370D2}.Release|Any CPU.ActiveCfg = Release|Any CPU
		{9745578A-0356-40D6-ACC6-D5B689E370D2}.Release|Any CPU.Build.0 = Release|Any CPU
		{FC1D4DB1-3B59-4805-A865-9BC8CA6E31FE}.Debug|Any CPU.ActiveCfg = Debug|Any CPU
		{FC1D4DB1-3B59-4805-A865-9BC8CA6E31FE}.Debug|Any CPU.Build.0 = Debug|Any CPU
		{FC1D4DB1-3B59-4805-A865-9BC8CA6E31FE}.Release|Any CPU.ActiveCfg = Release|Any CPU
		{FC1D4DB1-3B59-4805-A865-9BC8CA6E31FE}.Release|Any CPU.Build.0 = Release|Any CPU
		{0001113E-26AF-4335-93BA-EB47921F3CB3}.Debug|Any CPU.ActiveCfg = Debug|Any CPU
		{0001113E-26AF-4335-93BA-EB47921F3CB3}.Debug|Any CPU.Build.0 = Debug|Any CPU
		{0001113E-26AF-4335-93BA-EB47921F3CB3}.Release|Any CPU.ActiveCfg = Release|Any CPU
		{0001113E-26AF-4335-93BA-EB47921F3CB3}.Release|Any CPU.Build.0 = Release|Any CPU
		{7C898D9D-0EE8-4E55-84AE-34C15FD873F0}.Debug|Any CPU.ActiveCfg = Debug|Any CPU
		{7C898D9D-0EE8-4E55-84AE-34C15FD873F0}.Debug|Any CPU.Build.0 = Debug|Any CPU
		{7C898D9D-0EE8-4E55-84AE-34C15FD873F0}.Release|Any CPU.ActiveCfg = Release|Any CPU
		{7C898D9D-0EE8-4E55-84AE-34C15FD873F0}.Release|Any CPU.Build.0 = Release|Any CPU
		{38221852-F0AE-4642-AD8A-9F1F1101E573}.Debug|Any CPU.ActiveCfg = Debug|Any CPU
		{38221852-F0AE-4642-AD8A-9F1F1101E573}.Debug|Any CPU.Build.0 = Debug|Any CPU
		{38221852-F0AE-4642-AD8A-9F1F1101E573}.Release|Any CPU.ActiveCfg = Release|Any CPU
		{38221852-F0AE-4642-AD8A-9F1F1101E573}.Release|Any CPU.Build.0 = Release|Any CPU
		{25A8D32F-0E30-49F7-8ECD-80D7351E6C02}.Debug|Any CPU.ActiveCfg = Debug|Any CPU
		{25A8D32F-0E30-49F7-8ECD-80D7351E6C02}.Debug|Any CPU.Build.0 = Debug|Any CPU
		{25A8D32F-0E30-49F7-8ECD-80D7351E6C02}.Release|Any CPU.ActiveCfg = Release|Any CPU
		{25A8D32F-0E30-49F7-8ECD-80D7351E6C02}.Release|Any CPU.Build.0 = Release|Any CPU
		{E758D285-30F2-4E31-AA04-13B119527AA2}.Debug|Any CPU.ActiveCfg = Debug|Any CPU
		{E758D285-30F2-4E31-AA04-13B119527AA2}.Debug|Any CPU.Build.0 = Debug|Any CPU
		{E758D285-30F2-4E31-AA04-13B119527AA2}.Release|Any CPU.ActiveCfg = Release|Any CPU
		{E758D285-30F2-4E31-AA04-13B119527AA2}.Release|Any CPU.Build.0 = Release|Any CPU
		{6786701C-C00E-4170-96DE-5742D2977563}.Debug|Any CPU.ActiveCfg = Debug|Any CPU
		{6786701C-C00E-4170-96DE-5742D2977563}.Debug|Any CPU.Build.0 = Debug|Any CPU
		{6786701C-C00E-4170-96DE-5742D2977563}.Release|Any CPU.ActiveCfg = Release|Any CPU
		{6786701C-C00E-4170-96DE-5742D2977563}.Release|Any CPU.Build.0 = Release|Any CPU
		{8F18067A-F9F3-422E-B246-0F7D52268809}.Debug|Any CPU.ActiveCfg = Debug|Any CPU
		{8F18067A-F9F3-422E-B246-0F7D52268809}.Debug|Any CPU.Build.0 = Debug|Any CPU
		{8F18067A-F9F3-422E-B246-0F7D52268809}.Release|Any CPU.ActiveCfg = Release|Any CPU
		{8F18067A-F9F3-422E-B246-0F7D52268809}.Release|Any CPU.Build.0 = Release|Any CPU
		{EFF08E57-CE85-405D-9A9D-68E0B7926AC4}.Debug|Any CPU.ActiveCfg = Debug|Any CPU
		{EFF08E57-CE85-405D-9A9D-68E0B7926AC4}.Debug|Any CPU.Build.0 = Debug|Any CPU
		{EFF08E57-CE85-405D-9A9D-68E0B7926AC4}.Release|Any CPU.ActiveCfg = Release|Any CPU
		{EFF08E57-CE85-405D-9A9D-68E0B7926AC4}.Release|Any CPU.Build.0 = Release|Any CPU
		{D577A852-42BD-4D5A-84B1-7662D9F0FB69}.Debug|Any CPU.ActiveCfg = Debug|Any CPU
		{D577A852-42BD-4D5A-84B1-7662D9F0FB69}.Debug|Any CPU.Build.0 = Debug|Any CPU
		{D577A852-42BD-4D5A-84B1-7662D9F0FB69}.Release|Any CPU.ActiveCfg = Release|Any CPU
		{D577A852-42BD-4D5A-84B1-7662D9F0FB69}.Release|Any CPU.Build.0 = Release|Any CPU
		{46F53DD0-0349-42A8-A58E-FC16BD4F3356}.Debug|Any CPU.ActiveCfg = Debug|Any CPU
		{46F53DD0-0349-42A8-A58E-FC16BD4F3356}.Debug|Any CPU.Build.0 = Debug|Any CPU
		{46F53DD0-0349-42A8-A58E-FC16BD4F3356}.Release|Any CPU.ActiveCfg = Release|Any CPU
		{46F53DD0-0349-42A8-A58E-FC16BD4F3356}.Release|Any CPU.Build.0 = Release|Any CPU
		{CE1725EA-475C-4336-8E3B-297B2E99549E}.Debug|Any CPU.ActiveCfg = Debug|Any CPU
		{CE1725EA-475C-4336-8E3B-297B2E99549E}.Debug|Any CPU.Build.0 = Debug|Any CPU
		{CE1725EA-475C-4336-8E3B-297B2E99549E}.Release|Any CPU.ActiveCfg = Release|Any CPU
		{CE1725EA-475C-4336-8E3B-297B2E99549E}.Release|Any CPU.Build.0 = Release|Any CPU
		{7893CBBF-66C4-4C67-9C78-46A70F1AC489}.Debug|Any CPU.ActiveCfg = Debug|Any CPU
		{7893CBBF-66C4-4C67-9C78-46A70F1AC489}.Debug|Any CPU.Build.0 = Debug|Any CPU
		{7893CBBF-66C4-4C67-9C78-46A70F1AC489}.Release|Any CPU.ActiveCfg = Release|Any CPU
		{7893CBBF-66C4-4C67-9C78-46A70F1AC489}.Release|Any CPU.Build.0 = Release|Any CPU
		{C83B3E76-14BC-4C6D-AC7E-733AC507665A}.Debug|Any CPU.ActiveCfg = Debug|Any CPU
		{C83B3E76-14BC-4C6D-AC7E-733AC507665A}.Debug|Any CPU.Build.0 = Debug|Any CPU
		{C83B3E76-14BC-4C6D-AC7E-733AC507665A}.Release|Any CPU.ActiveCfg = Release|Any CPU
		{C83B3E76-14BC-4C6D-AC7E-733AC507665A}.Release|Any CPU.Build.0 = Release|Any CPU
		{24F68576-21CA-4966-9D74-967AEFD51B4B}.Debug|Any CPU.ActiveCfg = Debug|Any CPU
		{24F68576-21CA-4966-9D74-967AEFD51B4B}.Debug|Any CPU.Build.0 = Debug|Any CPU
		{24F68576-21CA-4966-9D74-967AEFD51B4B}.Release|Any CPU.ActiveCfg = Release|Any CPU
		{24F68576-21CA-4966-9D74-967AEFD51B4B}.Release|Any CPU.Build.0 = Release|Any CPU
		{251DEB0B-A564-4102-8A9F-057FE7015946}.Debug|Any CPU.ActiveCfg = Debug|Any CPU
		{251DEB0B-A564-4102-8A9F-057FE7015946}.Debug|Any CPU.Build.0 = Debug|Any CPU
		{251DEB0B-A564-4102-8A9F-057FE7015946}.Release|Any CPU.ActiveCfg = Release|Any CPU
		{251DEB0B-A564-4102-8A9F-057FE7015946}.Release|Any CPU.Build.0 = Release|Any CPU
		{D28049D2-A972-4A5A-AD1A-971FA034CB09}.Debug|Any CPU.ActiveCfg = Debug|Any CPU
		{D28049D2-A972-4A5A-AD1A-971FA034CB09}.Debug|Any CPU.Build.0 = Debug|Any CPU
		{D28049D2-A972-4A5A-AD1A-971FA034CB09}.Release|Any CPU.ActiveCfg = Release|Any CPU
		{D28049D2-A972-4A5A-AD1A-971FA034CB09}.Release|Any CPU.Build.0 = Release|Any CPU
	EndGlobalSection
	GlobalSection(SolutionProperties) = preSolution
		HideSolutionNode = FALSE
	EndGlobalSection
	GlobalSection(NestedProjects) = preSolution
		{C2F41C85-14CC-4748-91AA-1474C1B8FDF9} = {A85CDBA8-AD98-4976-81FB-EF03B9DC6A89}
		{A85CDBA8-AD98-4976-81FB-EF03B9DC6A89} = {CCF3B4BE-3D7C-4C00-AB5F-ED13DC14C27E}
		{22DA9F9E-A84F-47EE-A870-3CC845812606} = {A85CDBA8-AD98-4976-81FB-EF03B9DC6A89}
		{095AF10D-5B7B-462F-BA8E-426C92F6F22C} = {CCF3B4BE-3D7C-4C00-AB5F-ED13DC14C27E}
		{24E8C525-AD1E-4B2C-8FF5-6B17015ADD75} = {095AF10D-5B7B-462F-BA8E-426C92F6F22C}
		{529CBB12-A1FE-48A0-B99F-4A99BBBA4517} = {095AF10D-5B7B-462F-BA8E-426C92F6F22C}
		{F07C7068-D530-4C1E-8B3A-01B4773F1229} = {529CBB12-A1FE-48A0-B99F-4A99BBBA4517}
		{B3AF1AF5-7D88-48B7-85B2-4956BE53DC47} = {529CBB12-A1FE-48A0-B99F-4A99BBBA4517}
		{68747447-A5D1-437A-BC77-CE4D6530624F} = {D57ECEDF-6EB7-46F8-BFF5-E4448076C979}
		{8E31B346-24F0-4059-A4AF-FF781E1A11D4} = {D57ECEDF-6EB7-46F8-BFF5-E4448076C979}
		{A74B5954-ED7F-4F97-9766-03587EFC933A} = {D57ECEDF-6EB7-46F8-BFF5-E4448076C979}
		{C8025D6D-650D-4005-90DF-6ECB50F9685B} = {A85CDBA8-AD98-4976-81FB-EF03B9DC6A89}
		{BB169710-5CE7-4957-A2C7-1F570E2CD9C8} = {A85CDBA8-AD98-4976-81FB-EF03B9DC6A89}
		{BEA6A911-C668-40B4-BF91-8942A1E3FF26} = {CCF3B4BE-3D7C-4C00-AB5F-ED13DC14C27E}
		{25A8D32F-0E30-49F7-8ECD-80D7351E6C02} = {BEA6A911-C668-40B4-BF91-8942A1E3FF26}
		{E758D285-30F2-4E31-AA04-13B119527AA2} = {BEA6A911-C668-40B4-BF91-8942A1E3FF26}
		{6786701C-C00E-4170-96DE-5742D2977563} = {BEA6A911-C668-40B4-BF91-8942A1E3FF26}
		{8F18067A-F9F3-422E-B246-0F7D52268809} = {BEA6A911-C668-40B4-BF91-8942A1E3FF26}
		{EFF08E57-CE85-405D-9A9D-68E0B7926AC4} = {BEA6A911-C668-40B4-BF91-8942A1E3FF26}
		{D577A852-42BD-4D5A-84B1-7662D9F0FB69} = {BEA6A911-C668-40B4-BF91-8942A1E3FF26}
		{46F53DD0-0349-42A8-A58E-FC16BD4F3356} = {BEA6A911-C668-40B4-BF91-8942A1E3FF26}
		{CE1725EA-475C-4336-8E3B-297B2E99549E} = {BEA6A911-C668-40B4-BF91-8942A1E3FF26}
		{7893CBBF-66C4-4C67-9C78-46A70F1AC489} = {BEA6A911-C668-40B4-BF91-8942A1E3FF26}
		{C83B3E76-14BC-4C6D-AC7E-733AC507665A} = {BEA6A911-C668-40B4-BF91-8942A1E3FF26}
		{24F68576-21CA-4966-9D74-967AEFD51B4B} = {BEA6A911-C668-40B4-BF91-8942A1E3FF26}
		{251DEB0B-A564-4102-8A9F-057FE7015946} = {BEA6A911-C668-40B4-BF91-8942A1E3FF26}
		{D28049D2-A972-4A5A-AD1A-971FA034CB09} = {BEA6A911-C668-40B4-BF91-8942A1E3FF26}
	EndGlobalSection
	GlobalSection(ExtensibilityGlobals) = postSolution
		SolutionGuid = {FF0E4BC0-CF5F-4785-869B-BAED9FCE4878}
	EndGlobalSection
	GlobalSection(SharedMSBuildProjectFiles) = preSolution
		..\bam.coreservices\submodules\bam.core\submodules\bam.net.shared\bam.net.shared.projitems*{22da9f9e-a84f-47ee-a870-3cc845812606}*SharedItemsImports = 13
		..\bam.coreservices\submodules\bam.core\tests\shared\bam.net.tests.shared\bam.net.tests.shared.projitems*{a74b5954-ed7f-4f97-9766-03587efc933a}*SharedItemsImports = 5
		..\bam.coreservices\submodules\bam.test\submodules\bam.core\submodules\bam.net.shared\bam.net.shared.projitems*{b3af1af5-7d88-48b7-85b2-4956be53dc47}*SharedItemsImports = 13
		..\bam.coreservices\submodules\bam.core\tests\shared\bam.net.tests.shared\bam.net.tests.shared.projitems*{bb169710-5ce7-4957-a2c7-1f570e2cd9c8}*SharedItemsImports = 13
		..\bam.coreservices\submodules\bam.core\submodules\bam.net.shared\bam.net.shared.projitems*{c2f41c85-14cc-4748-91aa-1474c1b8fdf9}*SharedItemsImports = 5
		..\bam.coreservices\submodules\bam.test\submodules\bam.core\submodules\bam.net.shared\bam.net.shared.projitems*{f07c7068-d530-4c1e-8b3a-01b4773f1229}*SharedItemsImports = 5
	EndGlobalSection
EndGlobal
